
Microsoft Visual Studio Solution File, Format Version 12.00
# Visual Studio Version 17
VisualStudioVersion = 17.0.31903.59
MinimumVisualStudioVersion = 10.0.40219.1
Project("{2150E333-8FDC-42A3-9474-1A3956D46DE8}") = "src", "src", "{827E0CD3-B72D-47B6-A68D-7590B98EB39B}"
EndProject
Project("{FAE04EC0-301F-11D3-BF4B-00C04F79EFBC}") = "NguyetnhanPhohien.API", "src\NguyetnhanPhohien.API\NguyetnhanPhohien.API.csproj", "{A1CEF5D5-99B4-4E26-8A54-2F36F088AE12}"
EndProject
Project("{FAE04EC0-301F-11D3-BF4B-00C04F79EFBC}") = "NguyetnhanPhohien.Application", "src\NguyetnhanPhohien.Application\NguyetnhanPhohien.Application.csproj", "{03B87677-AB3E-4532-AF86-F0CC66AB8795}"
EndProject
Project("{FAE04EC0-301F-11D3-BF4B-00C04F79EFBC}") = "NguyetnhanPhohien.Domain", "src\NguyetnhanPhohien.Domain\NguyetnhanPhohien.Domain.csproj", "{86BCED38-386C-463F-A853-305EB6856585}"
EndProject
Project("{FAE04EC0-301F-11D3-BF4B-00C04F79EFBC}") = "NguyetnhanPhohien.Infrastructure", "src\NguyetnhanPhohien.Infrastructure\NguyetnhanPhohien.Infrastructure.csproj", "{6458A0E5-8792-4BB5-8648-C21AF123BE4F}"
EndProject
Project("{FAE04EC0-301F-11D3-BF4B-00C04F79EFBC}") = "NguyetnhanPhohien.Common", "src\NguyetnhanPhohien.Common\NguyetnhanPhohien.Common.csproj", "{CA6F3CBC-5824-42F8-8512-C63163C61A08}"
EndProject
Project("{2150E333-8FDC-42A3-9474-1A3956D46DE8}") = "tests", "tests", "{0AB3BF05-4346-4AA6-1389-037BE0695223}"
EndProject
Project("{FAE04EC0-301F-11D3-BF4B-00C04F79EFBC}") = "NguyetnhanPhohien.UnitTests", "tests\NguyetnhanPhohien.UnitTests\NguyetnhanPhohien.UnitTests.csproj", "{55FBBFC4-59B9-4563-A2F1-CB1FE6F61AAB}"
EndProject
Project("{FAE04EC0-301F-11D3-BF4B-00C04F79EFBC}") = "NguyetnhanPhohien.IntegrationTests", "tests\NguyetnhanPhohien.IntegrationTests\NguyetnhanPhohien.IntegrationTests.csproj", "{A9FA723B-895E-4785-8C06-739772FF1F20}"
EndProject
Global
	GlobalSection(SolutionConfigurationPlatforms) = preSolution
		Debug|Any CPU = Debug|Any CPU
		Debug|x64 = Debug|x64
		Debug|x86 = Debug|x86
		Release|Any CPU = Release|Any CPU
		Release|x64 = Release|x64
		Release|x86 = Release|x86
	EndGlobalSection
	GlobalSection(ProjectConfigurationPlatforms) = postSolution
		{A1CEF5D5-99B4-4E26-8A54-2F36F088AE12}.Debug|Any CPU.ActiveCfg = Debug|Any CPU
		{A1CEF5D5-99B4-4E26-8A54-2F36F088AE12}.Debug|Any CPU.Build.0 = Debug|Any CPU
		{A1CEF5D5-99B4-4E26-8A54-2F36F088AE12}.Debug|x64.ActiveCfg = Debug|Any CPU
		{A1CEF5D5-99B4-4E26-8A54-2F36F088AE12}.Debug|x64.Build.0 = Debug|Any CPU
		{A1CEF5D5-99B4-4E26-8A54-2F36F088AE12}.Debug|x86.ActiveCfg = Debug|Any CPU
		{A1CEF5D5-99B4-4E26-8A54-2F36F088AE12}.Debug|x86.Build.0 = Debug|Any CPU
		{A1CEF5D5-99B4-4E26-8A54-2F36F088AE12}.Release|Any CPU.ActiveCfg = Release|Any CPU
		{A1CEF5D5-99B4-4E26-8A54-2F36F088AE12}.Release|Any CPU.Build.0 = Release|Any CPU
		{A1CEF5D5-99B4-4E26-8A54-2F36F088AE12}.Release|x64.ActiveCfg = Release|Any CPU
		{A1CEF5D5-99B4-4E26-8A54-2F36F088AE12}.Release|x64.Build.0 = Release|Any CPU
		{A1CEF5D5-99B4-4E26-8A54-2F36F088AE12}.Release|x86.ActiveCfg = Release|Any CPU
		{A1CEF5D5-99B4-4E26-8A54-2F36F088AE12}.Release|x86.Build.0 = Release|Any CPU
		{03B87677-AB3E-4532-AF86-F0CC66AB8795}.Debug|Any CPU.ActiveCfg = Debug|Any CPU
		{03B87677-AB3E-4532-AF86-F0CC66AB8795}.Debug|Any CPU.Build.0 = Debug|Any CPU
		{03B87677-AB3E-4532-AF86-F0CC66AB8795}.Debug|x64.ActiveCfg = Debug|Any CPU
		{03B87677-AB3E-4532-AF86-F0CC66AB8795}.Debug|x64.Build.0 = Debug|Any CPU
		{03B87677-AB3E-4532-AF86-F0CC66AB8795}.Debug|x86.ActiveCfg = Debug|Any CPU
		{03B87677-AB3E-4532-AF86-F0CC66AB8795}.Debug|x86.Build.0 = Debug|Any CPU
		{03B87677-AB3E-4532-AF86-F0CC66AB8795}.Release|Any CPU.ActiveCfg = Release|Any CPU
		{03B87677-AB3E-4532-AF86-F0CC66AB8795}.Release|Any CPU.Build.0 = Release|Any CPU
		{03B87677-AB3E-4532-AF86-F0CC66AB8795}.Release|x64.ActiveCfg = Release|Any CPU
		{03B87677-AB3E-4532-AF86-F0CC66AB8795}.Release|x64.Build.0 = Release|Any CPU
		{03B87677-AB3E-4532-AF86-F0CC66AB8795}.Release|x86.ActiveCfg = Release|Any CPU
		{03B87677-AB3E-4532-AF86-F0CC66AB8795}.Release|x86.Build.0 = Release|Any CPU
		{86BCED38-386C-463F-A853-305EB6856585}.Debug|Any CPU.ActiveCfg = Debug|Any CPU
		{86BCED38-386C-463F-A853-305EB6856585}.Debug|Any CPU.Build.0 = Debug|Any CPU
		{86BCED38-386C-463F-A853-305EB6856585}.Debug|x64.ActiveCfg = Debug|Any CPU
		{86BCED38-386C-463F-A853-305EB6856585}.Debug|x64.Build.0 = Debug|Any CPU
		{86BCED38-386C-463F-A853-305EB6856585}.Debug|x86.ActiveCfg = Debug|Any CPU
		{86BCED38-386C-463F-A853-305EB6856585}.Debug|x86.Build.0 = Debug|Any CPU
		{86BCED38-386C-463F-A853-305EB6856585}.Release|Any CPU.ActiveCfg = Release|Any CPU
		{86BCED38-386C-463F-A853-305EB6856585}.Release|Any CPU.Build.0 = Release|Any CPU
		{86BCED38-386C-463F-A853-305EB6856585}.Release|x64.ActiveCfg = Release|Any CPU
		{86BCED38-386C-463F-A853-305EB6856585}.Release|x64.Build.0 = Release|Any CPU
		{86BCED38-386C-463F-A853-305EB6856585}.Release|x86.ActiveCfg = Release|Any CPU
		{86BCED38-386C-463F-A853-305EB6856585}.Release|x86.Build.0 = Release|Any CPU
		{6458A0E5-8792-4BB5-8648-C21AF123BE4F}.Debug|Any CPU.ActiveCfg = Debug|Any CPU
		{6458A0E5-8792-4BB5-8648-C21AF123BE4F}.Debug|Any CPU.Build.0 = Debug|Any CPU
		{6458A0E5-8792-4BB5-8648-C21AF123BE4F}.Debug|x64.ActiveCfg = Debug|Any CPU
		{6458A0E5-8792-4BB5-8648-C21AF123BE4F}.Debug|x64.Build.0 = Debug|Any CPU
		{6458A0E5-8792-4BB5-8648-C21AF123BE4F}.Debug|x86.ActiveCfg = Debug|Any CPU
		{6458A0E5-8792-4BB5-8648-C21AF123BE4F}.Debug|x86.Build.0 = Debug|Any CPU
		{6458A0E5-8792-4BB5-8648-C21AF123BE4F}.Release|Any CPU.ActiveCfg = Release|Any CPU
		{6458A0E5-8792-4BB5-8648-C21AF123BE4F}.Release|Any CPU.Build.0 = Release|Any CPU
		{6458A0E5-8792-4BB5-8648-C21AF123BE4F}.Release|x64.ActiveCfg = Release|Any CPU
		{6458A0E5-8792-4BB5-8648-C21AF123BE4F}.Release|x64.Build.0 = Release|Any CPU
		{6458A0E5-8792-4BB5-8648-C21AF123BE4F}.Release|x86.ActiveCfg = Release|Any CPU
		{6458A0E5-8792-4BB5-8648-C21AF123BE4F}.Release|x86.Build.0 = Release|Any CPU
		{CA6F3CBC-5824-42F8-8512-C63163C61A08}.Debug|Any CPU.ActiveCfg = Debug|Any CPU
		{CA6F3CBC-5824-42F8-8512-C63163C61A08}.Debug|Any CPU.Build.0 = Debug|Any CPU
		{CA6F3CBC-5824-42F8-8512-C63163C61A08}.Debug|x64.ActiveCfg = Debug|Any CPU
		{CA6F3CBC-5824-42F8-8512-C63163C61A08}.Debug|x64.Build.0 = Debug|Any CPU
		{CA6F3CBC-5824-42F8-8512-C63163C61A08}.Debug|x86.ActiveCfg = Debug|Any CPU
		{CA6F3CBC-5824-42F8-8512-C63163C61A08}.Debug|x86.Build.0 = Debug|Any CPU
		{CA6F3CBC-5824-42F8-8512-C63163C61A08}.Release|Any CPU.ActiveCfg = Release|Any CPU
		{CA6F3CBC-5824-42F8-8512-C63163C61A08}.Release|Any CPU.Build.0 = Release|Any CPU
		{CA6F3CBC-5824-42F8-8512-C63163C61A08}.Release|x64.ActiveCfg = Release|Any CPU
		{CA6F3CBC-5824-42F8-8512-C63163C61A08}.Release|x64.Build.0 = Release|Any CPU
		{CA6F3CBC-5824-42F8-8512-C63163C61A08}.Release|x86.ActiveCfg = Release|Any CPU
		{CA6F3CBC-5824-42F8-8512-C63163C61A08}.Release|x86.Build.0 = Release|Any CPU
		{55FBBFC4-59B9-4563-A2F1-CB1FE6F61AAB}.Debug|Any CPU.ActiveCfg = Debug|Any CPU
		{55FBBFC4-59B9-4563-A2F1-CB1FE6F61AAB}.Debug|Any CPU.Build.0 = Debug|Any CPU
		{55FBBFC4-59B9-4563-A2F1-CB1FE6F61AAB}.Debug|x64.ActiveCfg = Debug|Any CPU
		{55FBBFC4-59B9-4563-A2F1-CB1FE6F61AAB}.Debug|x64.Build.0 = Debug|Any CPU
		{55FBBFC4-59B9-4563-A2F1-CB1FE6F61AAB}.Debug|x86.ActiveCfg = Debug|Any CPU
		{55FBBFC4-59B9-4563-A2F1-CB1FE6F61AAB}.Debug|x86.Build.0 = Debug|Any CPU
		{55FBBFC4-59B9-4563-A2F1-CB1FE6F61AAB}.Release|Any CPU.ActiveCfg = Release|Any CPU
		{55FBBFC4-59B9-4563-A2F1-CB1FE6F61AAB}.Release|Any CPU.Build.0 = Release|Any CPU
		{55FBBFC4-59B9-4563-A2F1-CB1FE6F61AAB}.Release|x64.ActiveCfg = Release|Any CPU
		{55FBBFC4-59B9-4563-A2F1-CB1FE6F61AAB}.Release|x64.Build.0 = Release|Any CPU
		{55FBBFC4-59B9-4563-A2F1-CB1FE6F61AAB}.Release|x86.ActiveCfg = Release|Any CPU
		{55FBBFC4-59B9-4563-A2F1-CB1FE6F61AAB}.Release|x86.Build.0 = Release|Any CPU
		{A9FA723B-895E-4785-8C06-739772FF1F20}.Debug|Any CPU.ActiveCfg = Debug|Any CPU
		{A9FA723B-895E-4785-8C06-739772FF1F20}.Debug|Any CPU.Build.0 = Debug|Any CPU
		{A9FA723B-895E-4785-8C06-739772FF1F20}.Debug|x64.ActiveCfg = Debug|Any CPU
		{A9FA723B-895E-4785-8C06-739772FF1F20}.Debug|x64.Build.0 = Debug|Any CPU
		{A9FA723B-895E-4785-8C06-739772FF1F20}.Debug|x86.ActiveCfg = Debug|Any CPU
		{A9FA723B-895E-4785-8C06-739772FF1F20}.Debug|x86.Build.0 = Debug|Any CPU
		{A9FA723B-895E-4785-8C06-739772FF1F20}.Release|Any CPU.ActiveCfg = Release|Any CPU
		{A9FA723B-895E-4785-8C06-739772FF1F20}.Release|Any CPU.Build.0 = Release|Any CPU
		{A9FA723B-895E-4785-8C06-739772FF1F20}.Release|x64.ActiveCfg = Release|Any CPU
		{A9FA723B-895E-4785-8C06-739772FF1F20}.Release|x64.Build.0 = Release|Any CPU
		{A9FA723B-895E-4785-8C06-739772FF1F20}.Release|x86.ActiveCfg = Release|Any CPU
		{A9FA723B-895E-4785-8C06-739772FF1F20}.Release|x86.Build.0 = Release|Any CPU
	EndGlobalSection
	GlobalSection(SolutionProperties) = preSolution
		HideSolutionNode = FALSE
	EndGlobalSection
	GlobalSection(NestedProjects) = preSolution
		{A1CEF5D5-99B4-4E26-8A54-2F36F088AE12} = {827E0CD3-B72D-47B6-A68D-7590B98EB39B}
		{03B87677-AB3E-4532-AF86-F0CC66AB8795} = {827E0CD3-B72D-47B6-A68D-7590B98EB39B}
		{86BCED38-386C-463F-A853-305EB6856585} = {827E0CD3-B72D-47B6-A68D-7590B98EB39B}
		{6458A0E5-8792-4BB5-8648-C21AF123BE4F} = {827E0CD3-B72D-47B6-A68D-7590B98EB39B}
		{CA6F3CBC-5824-42F8-8512-C63163C61A08} = {827E0CD3-B72D-47B6-A68D-7590B98EB39B}
		{55FBBFC4-59B9-4563-A2F1-CB1FE6F61AAB} = {0AB3BF05-4346-4AA6-1389-037BE0695223}
		{A9FA723B-895E-4785-8C06-739772FF1F20} = {0AB3BF05-4346-4AA6-1389-037BE0695223}
	EndGlobalSection
EndGlobal
